
Microsoft Visual Studio Solution File, Format Version 12.00
# Visual Studio Version 16
VisualStudioVersion = 16.0.28531.58
MinimumVisualStudioVersion = 10.0.40219.1
Project("{FAE04EC0-301F-11D3-BF4B-00C04F79EFBC}") = "RunpathCodingTest", "RunpathCodingTest\RunpathCodingTest.csproj", "{7A290329-3544-4DE0-A3EE-98160E6DE571}"
EndProject
Global
	GlobalSection(SolutionConfigurationPlatforms) = preSolution
		Debug|Any CPU = Debug|Any CPU
		Release|Any CPU = Release|Any CPU
	EndGlobalSection
	GlobalSection(ProjectConfigurationPlatforms) = postSolution
		{7A290329-3544-4DE0-A3EE-98160E6DE571}.Debug|Any CPU.ActiveCfg = Debug|Any CPU
		{7A290329-3544-4DE0-A3EE-98160E6DE571}.Debug|Any CPU.Build.0 = Debug|Any CPU
		{7A290329-3544-4DE0-A3EE-98160E6DE571}.Release|Any CPU.ActiveCfg = Release|Any CPU
		{7A290329-3544-4DE0-A3EE-98160E6DE571}.Release|Any CPU.Build.0 = Release|Any CPU
	EndGlobalSection
	GlobalSection(SolutionProperties) = preSolution
		HideSolutionNode = FALSE
	EndGlobalSection
	GlobalSection(ExtensibilityGlobals) = postSolution
		SolutionGuid = {88FA3289-0D82-4FB2-BD36-CF748B0AB292}
	EndGlobalSection
EndGlobal
